// !$*UTF8*$!
{
	archiveVersion = 1;
	classes = {
	};
	objectVersion = 48;
	objects = {

/* Begin PBXBuildFile section */
		63838C151FB60F4B002697D6 /* AppDelegate.swift in Sources */ = {isa = PBXBuildFile; fileRef = 63838C141FB60F4B002697D6 /* AppDelegate.swift */; };
		63838C171FB60F4B002697D6 /* ViewController.swift in Sources */ = {isa = PBXBuildFile; fileRef = 63838C161FB60F4B002697D6 /* ViewController.swift */; };
		63838C1A1FB60F4B002697D6 /* Main.storyboard in Resources */ = {isa = PBXBuildFile; fileRef = 63838C181FB60F4B002697D6 /* Main.storyboard */; };
		63838C1C1FB60F4B002697D6 /* Assets.xcassets in Resources */ = {isa = PBXBuildFile; fileRef = 63838C1B1FB60F4B002697D6 /* Assets.xcassets */; };
		63838C1F1FB60F4B002697D6 /* LaunchScreen.storyboard in Resources */ = {isa = PBXBuildFile; fileRef = 63838C1D1FB60F4B002697D6 /* LaunchScreen.storyboard */; };
		63838C2A1FB60F4B002697D6 /* ProactiveCacherTests.swift in Sources */ = {isa = PBXBuildFile; fileRef = 63838C291FB60F4B002697D6 /* ProactiveCacherTests.swift */; };
		63838C351FB60F4B002697D6 /* ProactiveCacherUITests.swift in Sources */ = {isa = PBXBuildFile; fileRef = 63838C341FB60F4B002697D6 /* ProactiveCacherUITests.swift */; };
/* End PBXBuildFile section */

/* Begin PBXContainerItemProxy section */
		63838C261FB60F4B002697D6 /* PBXContainerItemProxy */ = {
			isa = PBXContainerItemProxy;
			containerPortal = 63838C091FB60F4B002697D6 /* Project object */;
			proxyType = 1;
			remoteGlobalIDString = 63838C101FB60F4B002697D6;
			remoteInfo = ProactiveCacher;
		};
		63838C311FB60F4B002697D6 /* PBXContainerItemProxy */ = {
			isa = PBXContainerItemProxy;
			containerPortal = 63838C091FB60F4B002697D6 /* Project object */;
			proxyType = 1;
			remoteGlobalIDString = 63838C101FB60F4B002697D6;
			remoteInfo = ProactiveCacher;
		};
/* End PBXContainerItemProxy section */

/* Begin PBXFileReference section */
		63838C111FB60F4B002697D6 /* ProactiveCacher.app */ = {isa = PBXFileReference; explicitFileType = wrapper.application; includeInIndex = 0; path = ProactiveCacher.app; sourceTree = BUILT_PRODUCTS_DIR; };
		63838C141FB60F4B002697D6 /* AppDelegate.swift */ = {isa = PBXFileReference; lastKnownFileType = sourcecode.swift; path = AppDelegate.swift; sourceTree = "<group>"; };
		63838C161FB60F4B002697D6 /* ViewController.swift */ = {isa = PBXFileReference; lastKnownFileType = sourcecode.swift; path = ViewController.swift; sourceTree = "<group>"; };
		63838C191FB60F4B002697D6 /* Base */ = {isa = PBXFileReference; lastKnownFileType = file.storyboard; name = Base; path = Base.lproj/Main.storyboard; sourceTree = "<group>"; };
		63838C1B1FB60F4B002697D6 /* Assets.xcassets */ = {isa = PBXFileReference; lastKnownFileType = folder.assetcatalog; path = Assets.xcassets; sourceTree = "<group>"; };
		63838C1E1FB60F4B002697D6 /* Base */ = {isa = PBXFileReference; lastKnownFileType = file.storyboard; name = Base; path = Base.lproj/LaunchScreen.storyboard; sourceTree = "<group>"; };
		63838C201FB60F4B002697D6 /* Info.plist */ = {isa = PBXFileReference; lastKnownFileType = text.plist.xml; path = Info.plist; sourceTree = "<group>"; };
		63838C251FB60F4B002697D6 /* ProactiveCacherTests.xctest */ = {isa = PBXFileReference; explicitFileType = wrapper.cfbundle; includeInIndex = 0; path = ProactiveCacherTests.xctest; sourceTree = BUILT_PRODUCTS_DIR; };
		63838C291FB60F4B002697D6 /* ProactiveCacherTests.swift */ = {isa = PBXFileReference; lastKnownFileType = sourcecode.swift; path = ProactiveCacherTests.swift; sourceTree = "<group>"; };
		63838C2B1FB60F4B002697D6 /* Info.plist */ = {isa = PBXFileReference; lastKnownFileType = text.plist.xml; path = Info.plist; sourceTree = "<group>"; };
		63838C301FB60F4B002697D6 /* ProactiveCacherUITests.xctest */ = {isa = PBXFileReference; explicitFileType = wrapper.cfbundle; includeInIndex = 0; path = ProactiveCacherUITests.xctest; sourceTree = BUILT_PRODUCTS_DIR; };
		63838C341FB60F4B002697D6 /* ProactiveCacherUITests.swift */ = {isa = PBXFileReference; lastKnownFileType = sourcecode.swift; path = ProactiveCacherUITests.swift; sourceTree = "<group>"; };
		63838C361FB60F4B002697D6 /* Info.plist */ = {isa = PBXFileReference; lastKnownFileType = text.plist.xml; path = Info.plist; sourceTree = "<group>"; };
/* End PBXFileReference section */

/* Begin PBXFrameworksBuildPhase section */
		63838C0E1FB60F4B002697D6 /* Frameworks */ = {
			isa = PBXFrameworksBuildPhase;
			buildActionMask = 2147483647;
			files = (
			);
			runOnlyForDeploymentPostprocessing = 0;
		};
		63838C221FB60F4B002697D6 /* Frameworks */ = {
			isa = PBXFrameworksBuildPhase;
			buildActionMask = 2147483647;
			files = (
			);
			runOnlyForDeploymentPostprocessing = 0;
		};
		63838C2D1FB60F4B002697D6 /* Frameworks */ = {
			isa = PBXFrameworksBuildPhase;
			buildActionMask = 2147483647;
			files = (
			);
			runOnlyForDeploymentPostprocessing = 0;
		};
/* End PBXFrameworksBuildPhase section */

/* Begin PBXGroup section */
		63838C081FB60F4B002697D6 = {
			isa = PBXGroup;
			children = (
				63838C131FB60F4B002697D6 /* ProactiveCacher */,
				63838C281FB60F4B002697D6 /* ProactiveCacherTests */,
				63838C331FB60F4B002697D6 /* ProactiveCacherUITests */,
				63838C121FB60F4B002697D6 /* Products */,
			);
			sourceTree = "<group>";
		};
		63838C121FB60F4B002697D6 /* Products */ = {
			isa = PBXGroup;
			children = (
				63838C111FB60F4B002697D6 /* ProactiveCacher.app */,
				63838C251FB60F4B002697D6 /* ProactiveCacherTests.xctest */,
				63838C301FB60F4B002697D6 /* ProactiveCacherUITests.xctest */,
			);
			name = Products;
			sourceTree = "<group>";
		};
		63838C131FB60F4B002697D6 /* ProactiveCacher */ = {
			isa = PBXGroup;
			children = (
				63838C141FB60F4B002697D6 /* AppDelegate.swift */,
				63838C161FB60F4B002697D6 /* ViewController.swift */,
				63838C181FB60F4B002697D6 /* Main.storyboard */,
				63838C1B1FB60F4B002697D6 /* Assets.xcassets */,
				63838C1D1FB60F4B002697D6 /* LaunchScreen.storyboard */,
				63838C201FB60F4B002697D6 /* Info.plist */,
			);
			path = ProactiveCacher;
			sourceTree = "<group>";
		};
		63838C281FB60F4B002697D6 /* ProactiveCacherTests */ = {
			isa = PBXGroup;
			children = (
				63838C291FB60F4B002697D6 /* ProactiveCacherTests.swift */,
				63838C2B1FB60F4B002697D6 /* Info.plist */,
			);
			path = ProactiveCacherTests;
			sourceTree = "<group>";
		};
		63838C331FB60F4B002697D6 /* ProactiveCacherUITests */ = {
			isa = PBXGroup;
			children = (
				63838C341FB60F4B002697D6 /* ProactiveCacherUITests.swift */,
				63838C361FB60F4B002697D6 /* Info.plist */,
			);
			path = ProactiveCacherUITests;
			sourceTree = "<group>";
		};
/* End PBXGroup section */

/* Begin PBXNativeTarget section */
		63838C101FB60F4B002697D6 /* ProactiveCacher */ = {
			isa = PBXNativeTarget;
			buildConfigurationList = 63838C391FB60F4B002697D6 /* Build configuration list for PBXNativeTarget "ProactiveCacher" */;
			buildPhases = (
				63838C0D1FB60F4B002697D6 /* Sources */,
				63838C0E1FB60F4B002697D6 /* Frameworks */,
				63838C0F1FB60F4B002697D6 /* Resources */,
			);
			buildRules = (
			);
			dependencies = (
			);
			name = ProactiveCacher;
			productName = ProactiveCacher;
			productReference = 63838C111FB60F4B002697D6 /* ProactiveCacher.app */;
			productType = "com.apple.product-type.application";
		};
		63838C241FB60F4B002697D6 /* ProactiveCacherTests */ = {
			isa = PBXNativeTarget;
			buildConfigurationList = 63838C3C1FB60F4B002697D6 /* Build configuration list for PBXNativeTarget "ProactiveCacherTests" */;
			buildPhases = (
				63838C211FB60F4B002697D6 /* Sources */,
				63838C221FB60F4B002697D6 /* Frameworks */,
				63838C231FB60F4B002697D6 /* Resources */,
			);
			buildRules = (
			);
			dependencies = (
				63838C271FB60F4B002697D6 /* PBXTargetDependency */,
			);
			name = ProactiveCacherTests;
			productName = ProactiveCacherTests;
			productReference = 63838C251FB60F4B002697D6 /* ProactiveCacherTests.xctest */;
			productType = "com.apple.product-type.bundle.unit-test";
		};
		63838C2F1FB60F4B002697D6 /* ProactiveCacherUITests */ = {
			isa = PBXNativeTarget;
			buildConfigurationList = 63838C3F1FB60F4B002697D6 /* Build configuration list for PBXNativeTarget "ProactiveCacherUITests" */;
			buildPhases = (
				63838C2C1FB60F4B002697D6 /* Sources */,
				63838C2D1FB60F4B002697D6 /* Frameworks */,
				63838C2E1FB60F4B002697D6 /* Resources */,
			);
			buildRules = (
			);
			dependencies = (
				63838C321FB60F4B002697D6 /* PBXTargetDependency */,
			);
			name = ProactiveCacherUITests;
			productName = ProactiveCacherUITests;
			productReference = 63838C301FB60F4B002697D6 /* ProactiveCacherUITests.xctest */;
			productType = "com.apple.product-type.bundle.ui-testing";
		};
/* End PBXNativeTarget section */

/* Begin PBXProject section */
		63838C091FB60F4B002697D6 /* Project object */ = {
			isa = PBXProject;
			attributes = {
				LastSwiftUpdateCheck = 0910;
				LastUpgradeCheck = 0910;
				ORGANIZATIONNAME = "Pásztor Dávid";
				TargetAttributes = {
					63838C101FB60F4B002697D6 = {
						CreatedOnToolsVersion = 9.1;
						ProvisioningStyle = Automatic;
					};
					63838C241FB60F4B002697D6 = {
						CreatedOnToolsVersion = 9.1;
						ProvisioningStyle = Automatic;
						TestTargetID = 63838C101FB60F4B002697D6;
					};
					63838C2F1FB60F4B002697D6 = {
						CreatedOnToolsVersion = 9.1;
						ProvisioningStyle = Automatic;
						TestTargetID = 63838C101FB60F4B002697D6;
					};
				};
			};
			buildConfigurationList = 63838C0C1FB60F4B002697D6 /* Build configuration list for PBXProject "ProactiveCacher" */;
			compatibilityVersion = "Xcode 8.0";
			developmentRegion = en;
			hasScannedForEncodings = 0;
			knownRegions = (
				en,
				Base,
			);
			mainGroup = 63838C081FB60F4B002697D6;
			productRefGroup = 63838C121FB60F4B002697D6 /* Products */;
			projectDirPath = "";
			projectRoot = "";
			targets = (
				63838C101FB60F4B002697D6 /* ProactiveCacher */,
				63838C241FB60F4B002697D6 /* ProactiveCacherTests */,
				63838C2F1FB60F4B002697D6 /* ProactiveCacherUITests */,
			);
		};
/* End PBXProject section */

/* Begin PBXResourcesBuildPhase section */
		63838C0F1FB60F4B002697D6 /* Resources */ = {
			isa = PBXResourcesBuildPhase;
			buildActionMask = 2147483647;
			files = (
				63838C1F1FB60F4B002697D6 /* LaunchScreen.storyboard in Resources */,
				63838C1C1FB60F4B002697D6 /* Assets.xcassets in Resources */,
				63838C1A1FB60F4B002697D6 /* Main.storyboard in Resources */,
			);
			runOnlyForDeploymentPostprocessing = 0;
		};
		63838C231FB60F4B002697D6 /* Resources */ = {
			isa = PBXResourcesBuildPhase;
			buildActionMask = 2147483647;
			files = (
			);
			runOnlyForDeploymentPostprocessing = 0;
		};
		63838C2E1FB60F4B002697D6 /* Resources */ = {
			isa = PBXResourcesBuildPhase;
			buildActionMask = 2147483647;
			files = (
			);
			runOnlyForDeploymentPostprocessing = 0;
		};
/* End PBXResourcesBuildPhase section */

/* Begin PBXSourcesBuildPhase section */
		63838C0D1FB60F4B002697D6 /* Sources */ = {
			isa = PBXSourcesBuildPhase;
			buildActionMask = 2147483647;
			files = (
				63838C171FB60F4B002697D6 /* ViewController.swift in Sources */,
				63838C151FB60F4B002697D6 /* AppDelegate.swift in Sources */,
			);
			runOnlyForDeploymentPostprocessing = 0;
		};
		63838C211FB60F4B002697D6 /* Sources */ = {
			isa = PBXSourcesBuildPhase;
			buildActionMask = 2147483647;
			files = (
				63838C2A1FB60F4B002697D6 /* ProactiveCacherTests.swift in Sources */,
			);
			runOnlyForDeploymentPostprocessing = 0;
		};
		63838C2C1FB60F4B002697D6 /* Sources */ = {
			isa = PBXSourcesBuildPhase;
			buildActionMask = 2147483647;
			files = (
				63838C351FB60F4B002697D6 /* ProactiveCacherUITests.swift in Sources */,
			);
			runOnlyForDeploymentPostprocessing = 0;
		};
/* End PBXSourcesBuildPhase section */

/* Begin PBXTargetDependency section */
		63838C271FB60F4B002697D6 /* PBXTargetDependency */ = {
			isa = PBXTargetDependency;
			target = 63838C101FB60F4B002697D6 /* ProactiveCacher */;
			targetProxy = 63838C261FB60F4B002697D6 /* PBXContainerItemProxy */;
		};
		63838C321FB60F4B002697D6 /* PBXTargetDependency */ = {
			isa = PBXTargetDependency;
			target = 63838C101FB60F4B002697D6 /* ProactiveCacher */;
			targetProxy = 63838C311FB60F4B002697D6 /* PBXContainerItemProxy */;
		};
/* End PBXTargetDependency section */

/* Begin PBXVariantGroup section */
		63838C181FB60F4B002697D6 /* Main.storyboard */ = {
			isa = PBXVariantGroup;
			children = (
				63838C191FB60F4B002697D6 /* Base */,
			);
			name = Main.storyboard;
			sourceTree = "<group>";
		};
		63838C1D1FB60F4B002697D6 /* LaunchScreen.storyboard */ = {
			isa = PBXVariantGroup;
			children = (
				63838C1E1FB60F4B002697D6 /* Base */,
			);
			name = LaunchScreen.storyboard;
			sourceTree = "<group>";
		};
/* End PBXVariantGroup section */

/* Begin XCBuildConfiguration section */
		63838C371FB60F4B002697D6 /* Debug */ = {
			isa = XCBuildConfiguration;
			buildSettings = {
				ALWAYS_SEARCH_USER_PATHS = NO;
				CLANG_ANALYZER_NONNULL = YES;
				CLANG_ANALYZER_NUMBER_OBJECT_CONVERSION = YES_AGGRESSIVE;
				CLANG_CXX_LANGUAGE_STANDARD = "gnu++14";
				CLANG_CXX_LIBRARY = "libc++";
				CLANG_ENABLE_MODULES = YES;
				CLANG_ENABLE_OBJC_ARC = YES;
				CLANG_WARN_BLOCK_CAPTURE_AUTORELEASING = YES;
				CLANG_WARN_BOOL_CONVERSION = YES;
				CLANG_WARN_COMMA = YES;
				CLANG_WARN_CONSTANT_CONVERSION = YES;
				CLANG_WARN_DIRECT_OBJC_ISA_USAGE = YES_ERROR;
				CLANG_WARN_DOCUMENTATION_COMMENTS = YES;
				CLANG_WARN_EMPTY_BODY = YES;
				CLANG_WARN_ENUM_CONVERSION = YES;
				CLANG_WARN_INFINITE_RECURSION = YES;
				CLANG_WARN_INT_CONVERSION = YES;
				CLANG_WARN_NON_LITERAL_NULL_CONVERSION = YES;
				CLANG_WARN_OBJC_LITERAL_CONVERSION = YES;
				CLANG_WARN_OBJC_ROOT_CLASS = YES_ERROR;
				CLANG_WARN_RANGE_LOOP_ANALYSIS = YES;
				CLANG_WARN_STRICT_PROTOTYPES = YES;
				CLANG_WARN_SUSPICIOUS_MOVE = YES;
				CLANG_WARN_UNGUARDED_AVAILABILITY = YES_AGGRESSIVE;
				CLANG_WARN_UNREACHABLE_CODE = YES;
				CLANG_WARN__DUPLICATE_METHOD_MATCH = YES;
				CODE_SIGN_IDENTITY = "iPhone Developer";
				COPY_PHASE_STRIP = NO;
				DEBUG_INFORMATION_FORMAT = dwarf;
				ENABLE_STRICT_OBJC_MSGSEND = YES;
				ENABLE_TESTABILITY = YES;
				GCC_C_LANGUAGE_STANDARD = gnu11;
				GCC_DYNAMIC_NO_PIC = NO;
				GCC_NO_COMMON_BLOCKS = YES;
				GCC_OPTIMIZATION_LEVEL = 0;
				GCC_PREPROCESSOR_DEFINITIONS = (
					"DEBUG=1",
					"$(inherited)",
				);
				GCC_WARN_64_TO_32_BIT_CONVERSION = YES;
				GCC_WARN_ABOUT_RETURN_TYPE = YES_ERROR;
				GCC_WARN_UNDECLARED_SELECTOR = YES;
				GCC_WARN_UNINITIALIZED_AUTOS = YES_AGGRESSIVE;
				GCC_WARN_UNUSED_FUNCTION = YES;
				GCC_WARN_UNUSED_VARIABLE = YES;
				IPHONEOS_DEPLOYMENT_TARGET = 11.1;
				MTL_ENABLE_DEBUG_INFO = YES;
				ONLY_ACTIVE_ARCH = YES;
				SDKROOT = iphoneos;
				SWIFT_ACTIVE_COMPILATION_CONDITIONS = DEBUG;
				SWIFT_OPTIMIZATION_LEVEL = "-Onone";
			};
			name = Debug;
		};
		63838C381FB60F4B002697D6 /* Release */ = {
			isa = XCBuildConfiguration;
			buildSettings = {
				ALWAYS_SEARCH_USER_PATHS = NO;
				CLANG_ANALYZER_NONNULL = YES;
				CLANG_ANALYZER_NUMBER_OBJECT_CONVERSION = YES_AGGRESSIVE;
				CLANG_CXX_LANGUAGE_STANDARD = "gnu++14";
				CLANG_CXX_LIBRARY = "libc++";
				CLANG_ENABLE_MODULES = YES;
				CLANG_ENABLE_OBJC_ARC = YES;
				CLANG_WARN_BLOCK_CAPTURE_AUTORELEASING = YES;
				CLANG_WARN_BOOL_CONVERSION = YES;
				CLANG_WARN_COMMA = YES;
				CLANG_WARN_CONSTANT_CONVERSION = YES;
				CLANG_WARN_DIRECT_OBJC_ISA_USAGE = YES_ERROR;
				CLANG_WARN_DOCUMENTATION_COMMENTS = YES;
				CLANG_WARN_EMPTY_BODY = YES;
				CLANG_WARN_ENUM_CONVERSION = YES;
				CLANG_WARN_INFINITE_RECURSION = YES;
				CLANG_WARN_INT_CONVERSION = YES;
				CLANG_WARN_NON_LITERAL_NULL_CONVERSION = YES;
				CLANG_WARN_OBJC_LITERAL_CONVERSION = YES;
				CLANG_WARN_OBJC_ROOT_CLASS = YES_ERROR;
				CLANG_WARN_RANGE_LOOP_ANALYSIS = YES;
				CLANG_WARN_STRICT_PROTOTYPES = YES;
				CLANG_WARN_SUSPICIOUS_MOVE = YES;
				CLANG_WARN_UNGUARDED_AVAILABILITY = YES_AGGRESSIVE;
				CLANG_WARN_UNREACHABLE_CODE = YES;
				CLANG_WARN__DUPLICATE_METHOD_MATCH = YES;
				CODE_SIGN_IDENTITY = "iPhone Developer";
				COPY_PHASE_STRIP = NO;
				DEBUG_INFORMATION_FORMAT = "dwarf-with-dsym";
				ENABLE_NS_ASSERTIONS = NO;
				ENABLE_STRICT_OBJC_MSGSEND = YES;
				GCC_C_LANGUAGE_STANDARD = gnu11;
				GCC_NO_COMMON_BLOCKS = YES;
				GCC_WARN_64_TO_32_BIT_CONVERSION = YES;
				GCC_WARN_ABOUT_RETURN_TYPE = YES_ERROR;
				GCC_WARN_UNDECLARED_SELECTOR = YES;
				GCC_WARN_UNINITIALIZED_AUTOS = YES_AGGRESSIVE;
				GCC_WARN_UNUSED_FUNCTION = YES;
				GCC_WARN_UNUSED_VARIABLE = YES;
				IPHONEOS_DEPLOYMENT_TARGET = 11.1;
				MTL_ENABLE_DEBUG_INFO = NO;
				SDKROOT = iphoneos;
				SWIFT_OPTIMIZATION_LEVEL = "-Owholemodule";
				VALIDATE_PRODUCT = YES;
			};
			name = Release;
		};
		63838C3A1FB60F4B002697D6 /* Debug */ = {
			isa = XCBuildConfiguration;
			buildSettings = {
				ASSETCATALOG_COMPILER_APPICON_NAME = AppIcon;
				CODE_SIGN_STYLE = Automatic;
				DEVELOPMENT_TEAM = HTKJ5L46U5;
				INFOPLIST_FILE = ProactiveCacher/Info.plist;
				LD_RUNPATH_SEARCH_PATHS = "$(inherited) @executable_path/Frameworks";
				PRODUCT_BUNDLE_IDENTIFIER = DavidPasztor.ProactiveCacher;
				PRODUCT_NAME = "$(TARGET_NAME)";
				SWIFT_VERSION = 4.0;
				TARGETED_DEVICE_FAMILY = "1,2";
			};
			name = Debug;
		};
		63838C3B1FB60F4B002697D6 /* Release */ = {
			isa = XCBuildConfiguration;
			buildSettings = {
				ASSETCATALOG_COMPILER_APPICON_NAME = AppIcon;
				CODE_SIGN_STYLE = Automatic;
				DEVELOPMENT_TEAM = HTKJ5L46U5;
				INFOPLIST_FILE = ProactiveCacher/Info.plist;
				LD_RUNPATH_SEARCH_PATHS = "$(inherited) @executable_path/Frameworks";
				PRODUCT_BUNDLE_IDENTIFIER = DavidPasztor.ProactiveCacher;
				PRODUCT_NAME = "$(TARGET_NAME)";
				SWIFT_VERSION = 4.0;
				TARGETED_DEVICE_FAMILY = "1,2";
			};
			name = Release;
		};
		63838C3D1FB60F4B002697D6 /* Debug */ = {
			isa = XCBuildConfiguration;
			buildSettings = {
				ALWAYS_EMBED_SWIFT_STANDARD_LIBRARIES = YES;
				BUNDLE_LOADER = "$(TEST_HOST)";
				CODE_SIGN_STYLE = Automatic;
				DEVELOPMENT_TEAM = HTKJ5L46U5;
				INFOPLIST_FILE = ProactiveCacherTests/Info.plist;
				LD_RUNPATH_SEARCH_PATHS = "$(inherited) @executable_path/Frameworks @loader_path/Frameworks";
				PRODUCT_BUNDLE_IDENTIFIER = DavidPasztor.ProactiveCacherTests;
				PRODUCT_NAME = "$(TARGET_NAME)";
				SWIFT_VERSION = 4.0;
				TARGETED_DEVICE_FAMILY = "1,2";
				TEST_HOST = "$(BUILT_PRODUCTS_DIR)/ProactiveCacher.app/ProactiveCacher";
			};
			name = Debug;
		};
		63838C3E1FB60F4B002697D6 /* Release */ = {
			isa = XCBuildConfiguration;
			buildSettings = {
				ALWAYS_EMBED_SWIFT_STANDARD_LIBRARIES = YES;
				BUNDLE_LOADER = "$(TEST_HOST)";
				CODE_SIGN_STYLE = Automatic;
				DEVELOPMENT_TEAM = HTKJ5L46U5;
				INFOPLIST_FILE = ProactiveCacherTests/Info.plist;
				LD_RUNPATH_SEARCH_PATHS = "$(inherited) @executable_path/Frameworks @loader_path/Frameworks";
				PRODUCT_BUNDLE_IDENTIFIER = DavidPasztor.ProactiveCacherTests;
				PRODUCT_NAME = "$(TARGET_NAME)";
				SWIFT_VERSION = 4.0;
				TARGETED_DEVICE_FAMILY = "1,2";
				TEST_HOST = "$(BUILT_PRODUCTS_DIR)/ProactiveCacher.app/ProactiveCacher";
			};
			name = Release;
		};
		63838C401FB60F4B002697D6 /* Debug */ = {
			isa = XCBuildConfiguration;
			buildSettings = {
				ALWAYS_EMBED_SWIFT_STANDARD_LIBRARIES = YES;
				CODE_SIGN_STYLE = Automatic;
				DEVELOPMENT_TEAM = HTKJ5L46U5;
				INFOPLIST_FILE = ProactiveCacherUITests/Info.plist;
				LD_RUNPATH_SEARCH_PATHS = "$(inherited) @executable_path/Frameworks @loader_path/Frameworks";
				PRODUCT_BUNDLE_IDENTIFIER = DavidPasztor.ProactiveCacherUITests;
				PRODUCT_NAME = "$(TARGET_NAME)";
				SWIFT_VERSION = 4.0;
				TARGETED_DEVICE_FAMILY = "1,2";
				TEST_TARGET_NAME = ProactiveCacher;
			};
			name = Debug;
		};
		63838C411FB60F4B002697D6 /* Release */ = {
			isa = XCBuildConfiguration;
			buildSettings = {
				ALWAYS_EMBED_SWIFT_STANDARD_LIBRARIES = YES;
				CODE_SIGN_STYLE = Automatic;
				DEVELOPMENT_TEAM = HTKJ5L46U5;
				INFOPLIST_FILE = ProactiveCacherUITests/Info.plist;
				LD_RUNPATH_SEARCH_PATHS = "$(inherited) @executable_path/Frameworks @loader_path/Frameworks";
				PRODUCT_BUNDLE_IDENTIFIER = DavidPasztor.ProactiveCacherUITests;
				PRODUCT_NAME = "$(TARGET_NAME)";
				SWIFT_VERSION = 4.0;
				TARGETED_DEVICE_FAMILY = "1,2";
				TEST_TARGET_NAME = ProactiveCacher;
			};
			name = Release;
		};
/* End XCBuildConfiguration section */

/* Begin XCConfigurationList section */
		63838C0C1FB60F4B002697D6 /* Build configuration list for PBXProject "ProactiveCacher" */ = {
			isa = XCConfigurationList;
			buildConfigurations = (
				63838C371FB60F4B002697D6 /* Debug */,
				63838C381FB60F4B002697D6 /* Release */,
			);
			defaultConfigurationIsVisible = 0;
			defaultConfigurationName = Release;
		};
		63838C391FB60F4B002697D6 /* Build configuration list for PBXNativeTarget "ProactiveCacher" */ = {
			isa = XCConfigurationList;
			buildConfigurations = (
				63838C3A1FB60F4B002697D6 /* Debug */,
				63838C3B1FB60F4B002697D6 /* Release */,
			);
			defaultConfigurationIsVisible = 0;
			defaultConfigurationName = Release;
		};
		63838C3C1FB60F4B002697D6 /* Build configuration list for PBXNativeTarget "ProactiveCacherTests" */ = {
			isa = XCConfigurationList;
			buildConfigurations = (
				63838C3D1FB60F4B002697D6 /* Debug */,
				63838C3E1FB60F4B002697D6 /* Release */,
			);
			defaultConfigurationIsVisible = 0;
			defaultConfigurationName = Release;
		};
		63838C3F1FB60F4B002697D6 /* Build configuration list for PBXNativeTarget "ProactiveCacherUITests" */ = {
			isa = XCConfigurationList;
			buildConfigurations = (
				63838C401FB60F4B002697D6 /* Debug */,
				63838C411FB60F4B002697D6 /* Release */,
			);
			defaultConfigurationIsVisible = 0;
			defaultConfigurationName = Release;
		};
/* End XCConfigurationList section */
	};
	rootObject = 63838C091FB60F4B002697D6 /* Project object */;
}
